
Microsoft Visual Studio Solution File, Format Version 12.00
# Visual Studio Version 16
VisualStudioVersion = 16.0.30128.36
MinimumVisualStudioVersion = 10.0.40219.1
Project("{FAE04EC0-301F-11D3-BF4B-00C04F79EFBC}") = "SkillsDemo", "SkillsDemo.csproj", "{4B5E4623-3A38-4919-9FF3-940918DF432E}"
EndProject
Global
	GlobalSection(SolutionConfigurationPlatforms) = preSolution
		Debug|Any CPU = Debug|Any CPU
		Release|Any CPU = Release|Any CPU
	EndGlobalSection
	GlobalSection(ProjectConfigurationPlatforms) = postSolution
		{4B5E4623-3A38-4919-9FF3-940918DF432E}.Debug|Any CPU.ActiveCfg = Debug|Any CPU
		{4B5E4623-3A38-4919-9FF3-940918DF432E}.Debug|Any CPU.Build.0 = Debug|Any CPU
		{4B5E4623-3A38-4919-9FF3-940918DF432E}.Release|Any CPU.ActiveCfg = Release|Any CPU
		{4B5E4623-3A38-4919-9FF3-940918DF432E}.Release|Any CPU.Build.0 = Release|Any CPU
	EndGlobalSection
	GlobalSection(SolutionProperties) = preSolution
		HideSolutionNode = FALSE
	EndGlobalSection
	GlobalSection(ExtensibilityGlobals) = postSolution
		SolutionGuid = {F27DAE63-B9E3-4B50-9E5B-A10D4556BD4A}
	EndGlobalSection
EndGlobal
